// !$*UTF8*$!
{
	archiveVersion = 1;
	classes = {
	};
	objectVersion = 55;
	objects = {

/* Begin PBXBuildFile section */
		8468F24027D46507008F8408 /* CardDetailViewController.swift in Sources */ = {isa = PBXBuildFile; fileRef = 8468F23F27D46507008F8408 /* CardDetailViewController.swift */; };
		84C80BE727D467CE0055BDE0 /* money.json in Resources */ = {isa = PBXBuildFile; fileRef = 84C80BE627D467CE0055BDE0 /* money.json */; };
		84F177D027D450DF0071DC70 /* AppDelegate.swift in Sources */ = {isa = PBXBuildFile; fileRef = 84F177CF27D450DF0071DC70 /* AppDelegate.swift */; };
		84F177D227D450DF0071DC70 /* SceneDelegate.swift in Sources */ = {isa = PBXBuildFile; fileRef = 84F177D127D450DF0071DC70 /* SceneDelegate.swift */; };
		84F177D727D450DF0071DC70 /* Main.storyboard in Resources */ = {isa = PBXBuildFile; fileRef = 84F177D527D450DF0071DC70 /* Main.storyboard */; };
		84F177D927D450E00071DC70 /* Assets.xcassets in Resources */ = {isa = PBXBuildFile; fileRef = 84F177D827D450E00071DC70 /* Assets.xcassets */; };
		84F177DC27D450E00071DC70 /* LaunchScreen.storyboard in Resources */ = {isa = PBXBuildFile; fileRef = 84F177DA27D450E00071DC70 /* LaunchScreen.storyboard */; };
		84F177E427D451350071DC70 /* CardListViewController.swift in Sources */ = {isa = PBXBuildFile; fileRef = 84F177E327D451350071DC70 /* CardListViewController.swift */; };
		84F177E627D452330071DC70 /* CreditCard.swift in Sources */ = {isa = PBXBuildFile; fileRef = 84F177E527D452330071DC70 /* CreditCard.swift */; };
		84F177E927D4537A0071DC70 /* CardListCell.swift in Sources */ = {isa = PBXBuildFile; fileRef = 84F177E727D4537A0071DC70 /* CardListCell.swift */; };
		84F177EA27D4537A0071DC70 /* CardListCell.xib in Resources */ = {isa = PBXBuildFile; fileRef = 84F177E827D4537A0071DC70 /* CardListCell.xib */; };
		F7491ABCDEE6ECA7F3A70A3E /* Pods_RecommandCreditCardList.framework in Frameworks */ = {isa = PBXBuildFile; fileRef = A028FC4F1538B772DC6D1FA3 /* Pods_RecommandCreditCardList.framework */; };
/* End PBXBuildFile section */

/* Begin PBXFileReference section */
		395B539C58CC14B3478FAD14 /* Pods-RecommandCreditCardList.release.xcconfig */ = {isa = PBXFileReference; includeInIndex = 1; lastKnownFileType = text.xcconfig; name = "Pods-RecommandCreditCardList.release.xcconfig"; path = "Target Support Files/Pods-RecommandCreditCardList/Pods-RecommandCreditCardList.release.xcconfig"; sourceTree = "<group>"; };
		8468F23F27D46507008F8408 /* CardDetailViewController.swift */ = {isa = PBXFileReference; lastKnownFileType = sourcecode.swift; path = CardDetailViewController.swift; sourceTree = "<group>"; };
		84C80BE627D467CE0055BDE0 /* money.json */ = {isa = PBXFileReference; fileEncoding = 4; lastKnownFileType = text.json; path = money.json; sourceTree = "<group>"; };
		84F177CC27D450DF0071DC70 /* RecommandCreditCardList.app */ = {isa = PBXFileReference; explicitFileType = wrapper.application; includeInIndex = 0; path = RecommandCreditCardList.app; sourceTree = BUILT_PRODUCTS_DIR; };
		84F177CF27D450DF0071DC70 /* AppDelegate.swift */ = {isa = PBXFileReference; lastKnownFileType = sourcecode.swift; path = AppDelegate.swift; sourceTree = "<group>"; };
		84F177D127D450DF0071DC70 /* SceneDelegate.swift */ = {isa = PBXFileReference; lastKnownFileType = sourcecode.swift; path = SceneDelegate.swift; sourceTree = "<group>"; };
		84F177D627D450DF0071DC70 /* Base */ = {isa = PBXFileReference; lastKnownFileType = file.storyboard; name = Base; path = Base.lproj/Main.storyboard; sourceTree = "<group>"; };
		84F177D827D450E00071DC70 /* Assets.xcassets */ = {isa = PBXFileReference; lastKnownFileType = folder.assetcatalog; path = Assets.xcassets; sourceTree = "<group>"; };
		84F177DB27D450E00071DC70 /* Base */ = {isa = PBXFileReference; lastKnownFileType = file.storyboard; name = Base; path = Base.lproj/LaunchScreen.storyboard; sourceTree = "<group>"; };
		84F177DD27D450E00071DC70 /* Info.plist */ = {isa = PBXFileReference; lastKnownFileType = text.plist.xml; path = Info.plist; sourceTree = "<group>"; };
		84F177E327D451350071DC70 /* CardListViewController.swift */ = {isa = PBXFileReference; lastKnownFileType = sourcecode.swift; path = CardListViewController.swift; sourceTree = "<group>"; };
		84F177E527D452330071DC70 /* CreditCard.swift */ = {isa = PBXFileReference; lastKnownFileType = sourcecode.swift; path = CreditCard.swift; sourceTree = "<group>"; };
		84F177E727D4537A0071DC70 /* CardListCell.swift */ = {isa = PBXFileReference; lastKnownFileType = sourcecode.swift; path = CardListCell.swift; sourceTree = "<group>"; };
		84F177E827D4537A0071DC70 /* CardListCell.xib */ = {isa = PBXFileReference; lastKnownFileType = file.xib; path = CardListCell.xib; sourceTree = "<group>"; };
		9DB396C9E7A9ABC49D7CECF6 /* Pods-RecommandCreditCardList.debug.xcconfig */ = {isa = PBXFileReference; includeInIndex = 1; lastKnownFileType = text.xcconfig; name = "Pods-RecommandCreditCardList.debug.xcconfig"; path = "Target Support Files/Pods-RecommandCreditCardList/Pods-RecommandCreditCardList.debug.xcconfig"; sourceTree = "<group>"; };
		A028FC4F1538B772DC6D1FA3 /* Pods_RecommandCreditCardList.framework */ = {isa = PBXFileReference; explicitFileType = wrapper.framework; includeInIndex = 0; path = Pods_RecommandCreditCardList.framework; sourceTree = BUILT_PRODUCTS_DIR; };
/* End PBXFileReference section */

/* Begin PBXFrameworksBuildPhase section */
		84F177C927D450DF0071DC70 /* Frameworks */ = {
			isa = PBXFrameworksBuildPhase;
			buildActionMask = 2147483647;
			files = (
				F7491ABCDEE6ECA7F3A70A3E /* Pods_RecommandCreditCardList.framework in Frameworks */,
			);
			runOnlyForDeploymentPostprocessing = 0;
		};
/* End PBXFrameworksBuildPhase section */

/* Begin PBXGroup section */
		17066053D3E45617BDA6D968 /* Frameworks */ = {
			isa = PBXGroup;
			children = (
				A028FC4F1538B772DC6D1FA3 /* Pods_RecommandCreditCardList.framework */,
			);
			name = Frameworks;
			sourceTree = "<group>";
		};
		84F177C327D450DF0071DC70 = {
			isa = PBXGroup;
			children = (
				84F177CE27D450DF0071DC70 /* RecommandCreditCardList */,
				84F177CD27D450DF0071DC70 /* Products */,
				C150C8821964AF69CE2F4C1D /* Pods */,
				17066053D3E45617BDA6D968 /* Frameworks */,
			);
			sourceTree = "<group>";
		};
		84F177CD27D450DF0071DC70 /* Products */ = {
			isa = PBXGroup;
			children = (
				84F177CC27D450DF0071DC70 /* RecommandCreditCardList.app */,
			);
			name = Products;
			sourceTree = "<group>";
		};
		84F177CE27D450DF0071DC70 /* RecommandCreditCardList */ = {
			isa = PBXGroup;
			children = (
				84C80BE627D467CE0055BDE0 /* money.json */,
				84F177CF27D450DF0071DC70 /* AppDelegate.swift */,
				84F177D127D450DF0071DC70 /* SceneDelegate.swift */,
				84F177D527D450DF0071DC70 /* Main.storyboard */,
				84F177D827D450E00071DC70 /* Assets.xcassets */,
				84F177DA27D450E00071DC70 /* LaunchScreen.storyboard */,
				84F177DD27D450E00071DC70 /* Info.plist */,
				84F177E327D451350071DC70 /* CardListViewController.swift */,
				8468F23F27D46507008F8408 /* CardDetailViewController.swift */,
				84F177E527D452330071DC70 /* CreditCard.swift */,
				84F177E727D4537A0071DC70 /* CardListCell.swift */,
				84F177E827D4537A0071DC70 /* CardListCell.xib */,
			);
			path = RecommandCreditCardList;
			sourceTree = "<group>";
		};
		C150C8821964AF69CE2F4C1D /* Pods */ = {
			isa = PBXGroup;
			children = (
				9DB396C9E7A9ABC49D7CECF6 /* Pods-RecommandCreditCardList.debug.xcconfig */,
				395B539C58CC14B3478FAD14 /* Pods-RecommandCreditCardList.release.xcconfig */,
			);
			path = Pods;
			sourceTree = "<group>";
		};
/* End PBXGroup section */

/* Begin PBXNativeTarget section */
		84F177CB27D450DF0071DC70 /* RecommandCreditCardList */ = {
			isa = PBXNativeTarget;
			buildConfigurationList = 84F177E027D450E00071DC70 /* Build configuration list for PBXNativeTarget "RecommandCreditCardList" */;
			buildPhases = (
				1A63B9A9B8BB382EB48BAC2A /* [CP] Check Pods Manifest.lock */,
				84F177C827D450DF0071DC70 /* Sources */,
				84F177C927D450DF0071DC70 /* Frameworks */,
				84F177CA27D450DF0071DC70 /* Resources */,
				FD50419F7EF8C7379688FC9A /* [CP] Embed Pods Frameworks */,
			);
			buildRules = (
			);
			dependencies = (
			);
			name = RecommandCreditCardList;
			productName = RecommandCreditCardList;
			productReference = 84F177CC27D450DF0071DC70 /* RecommandCreditCardList.app */;
			productType = "com.apple.product-type.application";
		};
/* End PBXNativeTarget section */

/* Begin PBXProject section */
		84F177C427D450DF0071DC70 /* Project object */ = {
			isa = PBXProject;
			attributes = {
				BuildIndependentTargetsInParallel = 1;
				LastSwiftUpdateCheck = 1300;
				LastUpgradeCheck = 1300;
				TargetAttributes = {
					84F177CB27D450DF0071DC70 = {
						CreatedOnToolsVersion = 13.0;
					};
				};
			};
			buildConfigurationList = 84F177C727D450DF0071DC70 /* Build configuration list for PBXProject "RecommandCreditCardList" */;
			compatibilityVersion = "Xcode 13.0";
			developmentRegion = en;
			hasScannedForEncodings = 0;
			knownRegions = (
				en,
				Base,
			);
			mainGroup = 84F177C327D450DF0071DC70;
			productRefGroup = 84F177CD27D450DF0071DC70 /* Products */;
			projectDirPath = "";
			projectRoot = "";
			targets = (
				84F177CB27D450DF0071DC70 /* RecommandCreditCardList */,
			);
		};
/* End PBXProject section */

/* Begin PBXResourcesBuildPhase section */
		84F177CA27D450DF0071DC70 /* Resources */ = {
			isa = PBXResourcesBuildPhase;
			buildActionMask = 2147483647;
			files = (
				84F177DC27D450E00071DC70 /* LaunchScreen.storyboard in Resources */,
				84F177D927D450E00071DC70 /* Assets.xcassets in Resources */,
				84C80BE727D467CE0055BDE0 /* money.json in Resources */,
				84F177D727D450DF0071DC70 /* Main.storyboard in Resources */,
				84F177EA27D4537A0071DC70 /* CardListCell.xib in Resources */,
			);
			runOnlyForDeploymentPostprocessing = 0;
		};
/* End PBXResourcesBuildPhase section */

/* Begin PBXShellScriptBuildPhase section */
		1A63B9A9B8BB382EB48BAC2A /* [CP] Check Pods Manifest.lock */ = {
			isa = PBXShellScriptBuildPhase;
			buildActionMask = 2147483647;
			files = (
			);
			inputFileListPaths = (
			);
			inputPaths = (
				"${PODS_PODFILE_DIR_PATH}/Podfile.lock",
				"${PODS_ROOT}/Manifest.lock",
			);
			name = "[CP] Check Pods Manifest.lock";
			outputFileListPaths = (
			);
			outputPaths = (
				"$(DERIVED_FILE_DIR)/Pods-RecommandCreditCardList-checkManifestLockResult.txt",
			);
			runOnlyForDeploymentPostprocessing = 0;
			shellPath = /bin/sh;
			shellScript = "diff \"${PODS_PODFILE_DIR_PATH}/Podfile.lock\" \"${PODS_ROOT}/Manifest.lock\" > /dev/null\nif [ $? != 0 ] ; then\n    # print error to STDERR\n    echo \"error: The sandbox is not in sync with the Podfile.lock. Run 'pod install' or update your CocoaPods installation.\" >&2\n    exit 1\nfi\n# This output is used by Xcode 'outputs' to avoid re-running this script phase.\necho \"SUCCESS\" > \"${SCRIPT_OUTPUT_FILE_0}\"\n";
			showEnvVarsInLog = 0;
		};
		FD50419F7EF8C7379688FC9A /* [CP] Embed Pods Frameworks */ = {
			isa = PBXShellScriptBuildPhase;
			buildActionMask = 2147483647;
			files = (
			);
			inputFileListPaths = (
				"${PODS_ROOT}/Target Support Files/Pods-RecommandCreditCardList/Pods-RecommandCreditCardList-frameworks-${CONFIGURATION}-input-files.xcfilelist",
			);
			name = "[CP] Embed Pods Frameworks";
			outputFileListPaths = (
				"${PODS_ROOT}/Target Support Files/Pods-RecommandCreditCardList/Pods-RecommandCreditCardList-frameworks-${CONFIGURATION}-output-files.xcfilelist",
			);
			runOnlyForDeploymentPostprocessing = 0;
			shellPath = /bin/sh;
			shellScript = "\"${PODS_ROOT}/Target Support Files/Pods-RecommandCreditCardList/Pods-RecommandCreditCardList-frameworks.sh\"\n";
			showEnvVarsInLog = 0;
		};
/* End PBXShellScriptBuildPhase section */

/* Begin PBXSourcesBuildPhase section */
		84F177C827D450DF0071DC70 /* Sources */ = {
			isa = PBXSourcesBuildPhase;
			buildActionMask = 2147483647;
			files = (
				84F177E627D452330071DC70 /* CreditCard.swift in Sources */,
				8468F24027D46507008F8408 /* CardDetailViewController.swift in Sources */,
				84F177E927D4537A0071DC70 /* CardListCell.swift in Sources */,
				84F177E427D451350071DC70 /* CardListViewController.swift in Sources */,
				84F177D027D450DF0071DC70 /* AppDelegate.swift in Sources */,
				84F177D227D450DF0071DC70 /* SceneDelegate.swift in Sources */,
			);
			runOnlyForDeploymentPostprocessing = 0;
		};
/* End PBXSourcesBuildPhase section */

/* Begin PBXVariantGroup section */
		84F177D527D450DF0071DC70 /* Main.storyboard */ = {
			isa = PBXVariantGroup;
			children = (
				84F177D627D450DF0071DC70 /* Base */,
			);
			name = Main.storyboard;
			sourceTree = "<group>";
		};
		84F177DA27D450E00071DC70 /* LaunchScreen.storyboard */ = {
			isa = PBXVariantGroup;
			children = (
				84F177DB27D450E00071DC70 /* Base */,
			);
			name = LaunchScreen.storyboard;
			sourceTree = "<group>";
		};
/* End PBXVariantGroup section */

/* Begin XCBuildConfiguration section */
		84F177DE27D450E00071DC70 /* Debug */ = {
			isa = XCBuildConfiguration;
			buildSettings = {
				ALWAYS_SEARCH_USER_PATHS = NO;
				CLANG_ANALYZER_NONNULL = YES;
				CLANG_ANALYZER_NUMBER_OBJECT_CONVERSION = YES_AGGRESSIVE;
				CLANG_CXX_LANGUAGE_STANDARD = "gnu++17";
				CLANG_CXX_LIBRARY = "libc++";
				CLANG_ENABLE_MODULES = YES;
				CLANG_ENABLE_OBJC_ARC = YES;
				CLANG_ENABLE_OBJC_WEAK = YES;
				CLANG_WARN_BLOCK_CAPTURE_AUTORELEASING = YES;
				CLANG_WARN_BOOL_CONVERSION = YES;
				CLANG_WARN_COMMA = YES;
				CLANG_WARN_CONSTANT_CONVERSION = YES;
				CLANG_WARN_DEPRECATED_OBJC_IMPLEMENTATIONS = YES;
				CLANG_WARN_DIRECT_OBJC_ISA_USAGE = YES_ERROR;
				CLANG_WARN_DOCUMENTATION_COMMENTS = YES;
				CLANG_WARN_EMPTY_BODY = YES;
				CLANG_WARN_ENUM_CONVERSION = YES;
				CLANG_WARN_INFINITE_RECURSION = YES;
				CLANG_WARN_INT_CONVERSION = YES;
				CLANG_WARN_NON_LITERAL_NULL_CONVERSION = YES;
				CLANG_WARN_OBJC_IMPLICIT_RETAIN_SELF = YES;
				CLANG_WARN_OBJC_LITERAL_CONVERSION = YES;
				CLANG_WARN_OBJC_ROOT_CLASS = YES_ERROR;
				CLANG_WARN_QUOTED_INCLUDE_IN_FRAMEWORK_HEADER = YES;
				CLANG_WARN_RANGE_LOOP_ANALYSIS = YES;
				CLANG_WARN_STRICT_PROTOTYPES = YES;
				CLANG_WARN_SUSPICIOUS_MOVE = YES;
				CLANG_WARN_UNGUARDED_AVAILABILITY = YES_AGGRESSIVE;
				CLANG_WARN_UNREACHABLE_CODE = YES;
				CLANG_WARN__DUPLICATE_METHOD_MATCH = YES;
				COPY_PHASE_STRIP = NO;
				DEBUG_INFORMATION_FORMAT = dwarf;
				ENABLE_STRICT_OBJC_MSGSEND = YES;
				ENABLE_TESTABILITY = YES;
				GCC_C_LANGUAGE_STANDARD = gnu11;
				GCC_DYNAMIC_NO_PIC = NO;
				GCC_NO_COMMON_BLOCKS = YES;
				GCC_OPTIMIZATION_LEVEL = 0;
				GCC_PREPROCESSOR_DEFINITIONS = (
					"DEBUG=1",
					"$(inherited)",
				);
				GCC_WARN_64_TO_32_BIT_CONVERSION = YES;
				GCC_WARN_ABOUT_RETURN_TYPE = YES_ERROR;
				GCC_WARN_UNDECLARED_SELECTOR = YES;
				GCC_WARN_UNINITIALIZED_AUTOS = YES_AGGRESSIVE;
				GCC_WARN_UNUSED_FUNCTION = YES;
				GCC_WARN_UNUSED_VARIABLE = YES;
				IPHONEOS_DEPLOYMENT_TARGET = 15.0;
				MTL_ENABLE_DEBUG_INFO = INCLUDE_SOURCE;
				MTL_FAST_MATH = YES;
				ONLY_ACTIVE_ARCH = YES;
				SDKROOT = iphoneos;
				SWIFT_ACTIVE_COMPILATION_CONDITIONS = DEBUG;
				SWIFT_OPTIMIZATION_LEVEL = "-Onone";
			};
			name = Debug;
		};
		84F177DF27D450E00071DC70 /* Release */ = {
			isa = XCBuildConfiguration;
			buildSettings = {
				ALWAYS_SEARCH_USER_PATHS = NO;
				CLANG_ANALYZER_NONNULL = YES;
				CLANG_ANALYZER_NUMBER_OBJECT_CONVERSION = YES_AGGRESSIVE;
				CLANG_CXX_LANGUAGE_STANDARD = "gnu++17";
				CLANG_CXX_LIBRARY = "libc++";
				CLANG_ENABLE_MODULES = YES;
				CLANG_ENABLE_OBJC_ARC = YES;
				CLANG_ENABLE_OBJC_WEAK = YES;
				CLANG_WARN_BLOCK_CAPTURE_AUTORELEASING = YES;
				CLANG_WARN_BOOL_CONVERSION = YES;
				CLANG_WARN_COMMA = YES;
				CLANG_WARN_CONSTANT_CONVERSION = YES;
				CLANG_WARN_DEPRECATED_OBJC_IMPLEMENTATIONS = YES;
				CLANG_WARN_DIRECT_OBJC_ISA_USAGE = YES_ERROR;
				CLANG_WARN_DOCUMENTATION_COMMENTS = YES;
				CLANG_WARN_EMPTY_BODY = YES;
				CLANG_WARN_ENUM_CONVERSION = YES;
				CLANG_WARN_INFINITE_RECURSION = YES;
				CLANG_WARN_INT_CONVERSION = YES;
				CLANG_WARN_NON_LITERAL_NULL_CONVERSION = YES;
				CLANG_WARN_OBJC_IMPLICIT_RETAIN_SELF = YES;
				CLANG_WARN_OBJC_LITERAL_CONVERSION = YES;
				CLANG_WARN_OBJC_ROOT_CLASS = YES_ERROR;
				CLANG_WARN_QUOTED_INCLUDE_IN_FRAMEWORK_HEADER = YES;
				CLANG_WARN_RANGE_LOOP_ANALYSIS = YES;
				CLANG_WARN_STRICT_PROTOTYPES = YES;
				CLANG_WARN_SUSPICIOUS_MOVE = YES;
				CLANG_WARN_UNGUARDED_AVAILABILITY = YES_AGGRESSIVE;
				CLANG_WARN_UNREACHABLE_CODE = YES;
				CLANG_WARN__DUPLICATE_METHOD_MATCH = YES;
				COPY_PHASE_STRIP = NO;
				DEBUG_INFORMATION_FORMAT = "dwarf-with-dsym";
				ENABLE_NS_ASSERTIONS = NO;
				ENABLE_STRICT_OBJC_MSGSEND = YES;
				GCC_C_LANGUAGE_STANDARD = gnu11;
				GCC_NO_COMMON_BLOCKS = YES;
				GCC_WARN_64_TO_32_BIT_CONVERSION = YES;
				GCC_WARN_ABOUT_RETURN_TYPE = YES_ERROR;
				GCC_WARN_UNDECLARED_SELECTOR = YES;
				GCC_WARN_UNINITIALIZED_AUTOS = YES_AGGRESSIVE;
				GCC_WARN_UNUSED_FUNCTION = YES;
				GCC_WARN_UNUSED_VARIABLE = YES;
				IPHONEOS_DEPLOYMENT_TARGET = 15.0;
				MTL_ENABLE_DEBUG_INFO = NO;
				MTL_FAST_MATH = YES;
				SDKROOT = iphoneos;
				SWIFT_COMPILATION_MODE = wholemodule;
				SWIFT_OPTIMIZATION_LEVEL = "-O";
				VALIDATE_PRODUCT = YES;
			};
			name = Release;
		};
		84F177E127D450E00071DC70 /* Debug */ = {
			isa = XCBuildConfiguration;
			baseConfigurationReference = 9DB396C9E7A9ABC49D7CECF6 /* Pods-RecommandCreditCardList.debug.xcconfig */;
			buildSettings = {
				ASSETCATALOG_COMPILER_APPICON_NAME = AppIcon;
				ASSETCATALOG_COMPILER_GLOBAL_ACCENT_COLOR_NAME = AccentColor;
				CODE_SIGN_STYLE = Automatic;
				CURRENT_PROJECT_VERSION = 1;
				DEVELOPMENT_TEAM = 6NXQDZ68FD;
				GENERATE_INFOPLIST_FILE = YES;
				INFOPLIST_FILE = RecommandCreditCardList/Info.plist;
				INFOPLIST_KEY_UIApplicationSupportsIndirectInputEvents = YES;
				INFOPLIST_KEY_UILaunchStoryboardName = LaunchScreen;
				INFOPLIST_KEY_UIMainStoryboardFile = Main;
				INFOPLIST_KEY_UISupportedInterfaceOrientations_iPad = "UIInterfaceOrientationPortrait UIInterfaceOrientationPortraitUpsideDown UIInterfaceOrientationLandscapeLeft UIInterfaceOrientationLandscapeRight";
				INFOPLIST_KEY_UISupportedInterfaceOrientations_iPhone = "UIInterfaceOrientationPortrait UIInterfaceOrientationLandscapeLeft UIInterfaceOrientationLandscapeRight";
				LD_RUNPATH_SEARCH_PATHS = (
					"$(inherited)",
					"@executable_path/Frameworks",
				);
				MARKETING_VERSION = 1.0;
				PRODUCT_BUNDLE_IDENTIFIER = kr.co.yongin.RecommandCreditCardList;
				PRODUCT_NAME = "$(TARGET_NAME)";
				SWIFT_EMIT_LOC_STRINGS = YES;
				SWIFT_VERSION = 5.0;
				TARGETED_DEVICE_FAMILY = "1,2";
			};
			name = Debug;
		};
		84F177E227D450E00071DC70 /* Release */ = {
			isa = XCBuildConfiguration;
			baseConfigurationReference = 395B539C58CC14B3478FAD14 /* Pods-RecommandCreditCardList.release.xcconfig */;
			buildSettings = {
				ASSETCATALOG_COMPILER_APPICON_NAME = AppIcon;
				ASSETCATALOG_COMPILER_GLOBAL_ACCENT_COLOR_NAME = AccentColor;
				CODE_SIGN_STYLE = Automatic;
				CURRENT_PROJECT_VERSION = 1;
				DEVELOPMENT_TEAM = 6NXQDZ68FD;
				GENERATE_INFOPLIST_FILE = YES;
				INFOPLIST_FILE = RecommandCreditCardList/Info.plist;
				INFOPLIST_KEY_UIApplicationSupportsIndirectInputEvents = YES;
				INFOPLIST_KEY_UILaunchStoryboardName = LaunchScreen;
				INFOPLIST_KEY_UIMainStoryboardFile = Main;
				INFOPLIST_KEY_UISupportedInterfaceOrientations_iPad = "UIInterfaceOrientationPortrait UIInterfaceOrientationPortraitUpsideDown UIInterfaceOrientationLandscapeLeft UIInterfaceOrientationLandscapeRight";
				INFOPLIST_KEY_UISupportedInterfaceOrientations_iPhone = "UIInterfaceOrientationPortrait UIInterfaceOrientationLandscapeLeft UIInterfaceOrientationLandscapeRight";
				LD_RUNPATH_SEARCH_PATHS = (
					"$(inherited)",
					"@executable_path/Frameworks",
				);
				MARKETING_VERSION = 1.0;
				PRODUCT_BUNDLE_IDENTIFIER = kr.co.yongin.RecommandCreditCardList;
				PRODUCT_NAME = "$(TARGET_NAME)";
				SWIFT_EMIT_LOC_STRINGS = YES;
				SWIFT_VERSION = 5.0;
				TARGETED_DEVICE_FAMILY = "1,2";
			};
			name = Release;
		};
/* End XCBuildConfiguration section */

/* Begin XCConfigurationList section */
		84F177C727D450DF0071DC70 /* Build configuration list for PBXProject "RecommandCreditCardList" */ = {
			isa = XCConfigurationList;
			buildConfigurations = (
				84F177DE27D450E00071DC70 /* Debug */,
				84F177DF27D450E00071DC70 /* Release */,
			);
			defaultConfigurationIsVisible = 0;
			defaultConfigurationName = Release;
		};
		84F177E027D450E00071DC70 /* Build configuration list for PBXNativeTarget "RecommandCreditCardList" */ = {
			isa = XCConfigurationList;
			buildConfigurations = (
				84F177E127D450E00071DC70 /* Debug */,
				84F177E227D450E00071DC70 /* Release */,
			);
			defaultConfigurationIsVisible = 0;
			defaultConfigurationName = Release;
		};
/* End XCConfigurationList section */
	};
	rootObject = 84F177C427D450DF0071DC70 /* Project object */;
}
